
Microsoft Visual Studio Solution File, Format Version 12.00
# Visual Studio Version 16
VisualStudioVersion = 16.0.31624.102
MinimumVisualStudioVersion = 10.0.40219.1
Project("{9A19103F-16F7-4668-BE54-9A1E7A4F7556}") = "ADO_DotNet.Models", "ADO_DotNet.Models\ADO_DotNet.Models.csproj", "{A921D23E-CB04-4889-93B5-10B996F4A73F}"
EndProject
Project("{9A19103F-16F7-4668-BE54-9A1E7A4F7556}") = "ADO_DotNet.DAL", "ADO_DotNet.DAL\ADO_DotNet.DAL.csproj", "{CD45D7BD-9302-45BC-AE84-396B0FF48FD8}"
EndProject
Project("{FAE04EC0-301F-11D3-BF4B-00C04F79EFBC}") = "ADO_DotNet.WebApp", "ADO_DotNet.WebApp\ADO_DotNet.WebApp.csproj", "{7BF4CCF2-7BC7-4647-B698-880247EF4064}"
EndProject
Project("{FAE04EC0-301F-11D3-BF4B-00C04F79EFBC}") = "ADO_DotNet.Services", "ADO_DotNet.Services\ADO_DotNet.Services.csproj", "{8F24AA5E-BFC8-49DA-88F7-622BC560D42D}"
EndProject
Global
	GlobalSection(SolutionConfigurationPlatforms) = preSolution
		Debug|Any CPU = Debug|Any CPU
		Release|Any CPU = Release|Any CPU
	EndGlobalSection
	GlobalSection(ProjectConfigurationPlatforms) = postSolution
		{A921D23E-CB04-4889-93B5-10B996F4A73F}.Debug|Any CPU.ActiveCfg = Debug|Any CPU
		{A921D23E-CB04-4889-93B5-10B996F4A73F}.Debug|Any CPU.Build.0 = Debug|Any CPU
		{A921D23E-CB04-4889-93B5-10B996F4A73F}.Release|Any CPU.ActiveCfg = Release|Any CPU
		{A921D23E-CB04-4889-93B5-10B996F4A73F}.Release|Any CPU.Build.0 = Release|Any CPU
		{CD45D7BD-9302-45BC-AE84-396B0FF48FD8}.Debug|Any CPU.ActiveCfg = Debug|Any CPU
		{CD45D7BD-9302-45BC-AE84-396B0FF48FD8}.Debug|Any CPU.Build.0 = Debug|Any CPU
		{CD45D7BD-9302-45BC-AE84-396B0FF48FD8}.Release|Any CPU.ActiveCfg = Release|Any CPU
		{CD45D7BD-9302-45BC-AE84-396B0FF48FD8}.Release|Any CPU.Build.0 = Release|Any CPU
		{7BF4CCF2-7BC7-4647-B698-880247EF4064}.Debug|Any CPU.ActiveCfg = Debug|Any CPU
		{7BF4CCF2-7BC7-4647-B698-880247EF4064}.Debug|Any CPU.Build.0 = Debug|Any CPU
		{7BF4CCF2-7BC7-4647-B698-880247EF4064}.Release|Any CPU.ActiveCfg = Release|Any CPU
		{7BF4CCF2-7BC7-4647-B698-880247EF4064}.Release|Any CPU.Build.0 = Release|Any CPU
		{8F24AA5E-BFC8-49DA-88F7-622BC560D42D}.Debug|Any CPU.ActiveCfg = Debug|Any CPU
		{8F24AA5E-BFC8-49DA-88F7-622BC560D42D}.Debug|Any CPU.Build.0 = Debug|Any CPU
		{8F24AA5E-BFC8-49DA-88F7-622BC560D42D}.Release|Any CPU.ActiveCfg = Release|Any CPU
		{8F24AA5E-BFC8-49DA-88F7-622BC560D42D}.Release|Any CPU.Build.0 = Release|Any CPU
	EndGlobalSection
	GlobalSection(SolutionProperties) = preSolution
		HideSolutionNode = FALSE
	EndGlobalSection
	GlobalSection(ExtensibilityGlobals) = postSolution
		SolutionGuid = {79EEB73E-0C47-4BDE-8715-99BEA8322F9B}
	EndGlobalSection
EndGlobal
